{"is_source_file": false, "format": "", "description": "", "external_files": [], "external_methods": [], "published": [], "classes": [], "methods": [], "calls": [], "search-terms": [], "state": 2, "file_id": 11, "knowledge_revision": 25, "git_revision": "b32a18e3b2276315449f65701b3652e2797029ed", "hash": "9c4ed7ef73e22b872b8055bec08b8979", "format-version": 4, "code-base-name": "default", "filename": "type_master/post_process_status.lock", "revision_history": [{"25": "b32a18e3b2276315449f65701b3652e2797029ed"}]}